github.com/gopherjs/gopherjs v0.0.0-20191106031601-ce3c9ade29de h1:F7WD09S8QB4LrkEpka0dFPLSotH11HRpCsLIbIcJ7sU=
github.com/gopherjs/gopherjs v0.0.0-20191106031601-ce3c9ade29de/go.mod h1:wJfORRmW1u3UXTncJ5qlYoELFm8eSnnEO6hX4iZ3EWY=
github.com/rocketlaunchr/react v1.0.8 h1:fxdvpnG5/UHJjB5TaBj2YZVSh13cfUq6thzsK02JnzU=
github.com/rocketlaunchr/react v1.0.8/go.mod h1:VA9kDMA5EHCVxQlH+cM2CMO0ihrDW8bmNR4FK4nf6Xg=
